
Microsoft Visual Studio Solution File, Format Version 12.00
# Visual Studio 2015
Project("{FAE04EC0-301F-11D3-BF4B-00C04F79EFBC}") = "UnityFunctions", "UnityFunctions.csproj", "{1C809F0E-6364-08E8-7C6B-B1E19074A4D1}"
EndProject
Project("{FAE04EC0-301F-11D3-BF4B-00C04F79EFBC}") = "UnityFunctionsTests", "..\UnityFunctionsTests\UnityFunctionsTests.csproj", "{858F631C-52C1-43C1-A8A7-85213D7AF48A}"
EndProject
Global
	GlobalSection(SolutionConfigurationPlatforms) = preSolution
		Debug|Any CPU = Debug|Any CPU
		Release|Any CPU = Release|Any CPU
	EndGlobalSection
	GlobalSection(ProjectConfigurationPlatforms) = postSolution
		{1C809F0E-6364-08E8-7C6B-B1E19074A4D1}.Debug|Any CPU.ActiveCfg = Debug|Any CPU
		{1C809F0E-6364-08E8-7C6B-B1E19074A4D1}.Debug|Any CPU.Build.0 = Debug|Any CPU
		{1C809F0E-6364-08E8-7C6B-B1E19074A4D1}.Release|Any CPU.ActiveCfg = Release|Any CPU
		{1C809F0E-6364-08E8-7C6B-B1E19074A4D1}.Release|Any CPU.Build.0 = Release|Any CPU
		{858F631C-52C1-43C1-A8A7-85213D7AF48A}.Debug|Any CPU.ActiveCfg = Debug|Any CPU
		{858F631C-52C1-43C1-A8A7-85213D7AF48A}.Debug|Any CPU.Build.0 = Debug|Any CPU
		{858F631C-52C1-43C1-A8A7-85213D7AF48A}.Release|Any CPU.ActiveCfg = Release|Any CPU
		{858F631C-52C1-43C1-A8A7-85213D7AF48A}.Release|Any CPU.Build.0 = Release|Any CPU
	EndGlobalSection
	GlobalSection(SolutionProperties) = preSolution
		HideSolutionNode = FALSE
	EndGlobalSection
EndGlobal
